<Solution>
  <Folder Name="/Core/">
    <Project Path="src/Core/Sektor.TurnBased.Core.Abstractions/Sektor.TurnBased.Core.Abstractions.csproj" />
    <Project Path="src/Core/Sektor.TurnBased.Core/Sektor.TurnBased.Core.csproj" />
  </Folder>
  <Folder Name="/Battle/">
    <Project Path="src/Battle/Sektor.TurnBased.Battle/Sektor.TurnBased.Battle.csproj" />
  </Folder>
  <Folder Name="/Dialog/">
    <Project Path="src/Dialog/Sektor.TurnBased.Dialog/Sektor.TurnBased.Dialog.csproj" />
  </Folder>
  <Folder Name="/UI/">
    <Project Path="src/UI/Sektor.TurnBased.UI.Core/Sektor.TurnBased.UI.Core.csproj" />
    <Project Path="src/UI/Sektor.TurnBased.UI.ViewModels/Sektor.TurnBased.UI.ViewModels.csproj" />
    <Project Path="src/UI/Sektor.TurnBased.UI.Wpf/Sektor.TurnBased.UI.Wpf.csproj" />
  </Folder>
  <Folder Name="/Network/">
    <Project Path="src/Network/Sektor.Network.Abstractions/Sektor.Network.Abstractions.csproj" />
    <Project Path="src/Network/Sektor.Network.Steam/Sektor.Network.Steam.csproj" />
  </Folder>
  <Folder Name="/Tests/">
    <Project Path="tests/Sektor.TurnBased.Core.Tests/Sektor.TurnBased.Core.Tests.csproj" />
    <Project Path="tests/Sektor.TurnBased.Battle.Tests/Sektor.TurnBased.Battle.Tests.csproj" />
    <Project Path="tests/Sektor.TurnBased.Dialog.Tests/Sektor.TurnBased.Dialog.Tests.csproj" />
    <Project Path="tests/Sektor.TurnBased.UI.Core.Tests/Sektor.TurnBased.UI.Core.Tests.csproj" />
    <Project Path="tests/Sektor.Network.Tests/Sektor.Network.Tests.csproj" />
  </Folder>
</Solution>
